
Microsoft Visual Studio Solution File, Format Version 12.00
# Visual Studio Version 16
VisualStudioVersion = 16.0.30717.126
MinimumVisualStudioVersion = 10.0.40219.1
Project("{FAE04EC0-301F-11D3-BF4B-00C04F79EFBC}") = "EFDemoWeb", "EFDemoWeb\EFDemoWeb.csproj", "{6FFAB2C6-C262-4979-8F8C-D995C5AFC586}"
EndProject
Project("{FAE04EC0-301F-11D3-BF4B-00C04F79EFBC}") = "EFDataAccessLibrary", "EFDataAccessLibrary\EFDataAccessLibrary.csproj", "{B3DD08C0-C30B-41DC-9DDE-01A4F5FD63F7}"
EndProject
Global
	GlobalSection(SolutionConfigurationPlatforms) = preSolution
		Debug|Any CPU = Debug|Any CPU
		Release|Any CPU = Release|Any CPU
	EndGlobalSection
	GlobalSection(ProjectConfigurationPlatforms) = postSolution
		{6FFAB2C6-C262-4979-8F8C-D995C5AFC586}.Debug|Any CPU.ActiveCfg = Debug|Any CPU
		{6FFAB2C6-C262-4979-8F8C-D995C5AFC586}.Debug|Any CPU.Build.0 = Debug|Any CPU
		{6FFAB2C6-C262-4979-8F8C-D995C5AFC586}.Release|Any CPU.ActiveCfg = Release|Any CPU
		{6FFAB2C6-C262-4979-8F8C-D995C5AFC586}.Release|Any CPU.Build.0 = Release|Any CPU
		{B3DD08C0-C30B-41DC-9DDE-01A4F5FD63F7}.Debug|Any CPU.ActiveCfg = Debug|Any CPU
		{B3DD08C0-C30B-41DC-9DDE-01A4F5FD63F7}.Debug|Any CPU.Build.0 = Debug|Any CPU
		{B3DD08C0-C30B-41DC-9DDE-01A4F5FD63F7}.Release|Any CPU.ActiveCfg = Release|Any CPU
		{B3DD08C0-C30B-41DC-9DDE-01A4F5FD63F7}.Release|Any CPU.Build.0 = Release|Any CPU
	EndGlobalSection
	GlobalSection(SolutionProperties) = preSolution
		HideSolutionNode = FALSE
	EndGlobalSection
	GlobalSection(ExtensibilityGlobals) = postSolution
		SolutionGuid = {A8A18DBD-E2AC-4F22-A2DA-ABA16113CB1D}
	EndGlobalSection
EndGlobal
